// !$*UTF8*$!
{
	archiveVersion = 1;
	classes = {
	};
	objectVersion = 56;
	objects = {

/* Begin PBXBuildFile section */
		D6427E842BA81E7900C69586 /* SwiftUIMVPatternDemoApp.swift in Sources */ = {isa = PBXBuildFile; fileRef = D6427E832BA81E7900C69586 /* SwiftUIMVPatternDemoApp.swift */; };
		D6427E862BA81E7900C69586 /* ContentView.swift in Sources */ = {isa = PBXBuildFile; fileRef = D6427E852BA81E7900C69586 /* ContentView.swift */; };
		D6427E882BA81E7A00C69586 /* Assets.xcassets in Resources */ = {isa = PBXBuildFile; fileRef = D6427E872BA81E7A00C69586 /* Assets.xcassets */; };
		D6427E8B2BA81E7A00C69586 /* Preview Assets.xcassets in Resources */ = {isa = PBXBuildFile; fileRef = D6427E8A2BA81E7A00C69586 /* Preview Assets.xcassets */; };
		D6427E952BA81E7A00C69586 /* SwiftUIMVPatternDemoTests.swift in Sources */ = {isa = PBXBuildFile; fileRef = D6427E942BA81E7A00C69586 /* SwiftUIMVPatternDemoTests.swift */; };
		D6427E9F2BA81E7A00C69586 /* SwiftUIMVPatternDemoUITests.swift in Sources */ = {isa = PBXBuildFile; fileRef = D6427E9E2BA81E7A00C69586 /* SwiftUIMVPatternDemoUITests.swift */; };
		D6427EA12BA81E7A00C69586 /* SwiftUIMVPatternDemoUITestsLaunchTests.swift in Sources */ = {isa = PBXBuildFile; fileRef = D6427EA02BA81E7A00C69586 /* SwiftUIMVPatternDemoUITestsLaunchTests.swift */; };
		D6427EAF2BA823A900C69586 /* ProductServices.swift in Sources */ = {isa = PBXBuildFile; fileRef = D6427EAE2BA823A900C69586 /* ProductServices.swift */; };
		D6427EB22BA8252600C69586 /* Alamofire in Frameworks */ = {isa = PBXBuildFile; productRef = D6427EB12BA8252600C69586 /* Alamofire */; };
		D6427EB42BA8252600C69586 /* AlamofireDynamic in Frameworks */ = {isa = PBXBuildFile; productRef = D6427EB32BA8252600C69586 /* AlamofireDynamic */; };
		D6427EBF2BA82EB500C69586 /* SDWebImageSwiftUI in Frameworks */ = {isa = PBXBuildFile; productRef = D6427EBE2BA82EB500C69586 /* SDWebImageSwiftUI */; };
		D6427EC12BA82F5F00C69586 /* Product.swift in Sources */ = {isa = PBXBuildFile; fileRef = D6427EC02BA82F5F00C69586 /* Product.swift */; };
		D6427EC32BA82F8400C69586 /* ProductModel.swift in Sources */ = {isa = PBXBuildFile; fileRef = D6427EC22BA82F8400C69586 /* ProductModel.swift */; };
		D6427EC52BA82FE900C69586 /* Cell.swift in Sources */ = {isa = PBXBuildFile; fileRef = D6427EC42BA82FE900C69586 /* Cell.swift */; };
/* End PBXBuildFile section */

/* Begin PBXContainerItemProxy section */
		D6427E912BA81E7A00C69586 /* PBXContainerItemProxy */ = {
			isa = PBXContainerItemProxy;
			containerPortal = D6427E782BA81E7900C69586 /* Project object */;
			proxyType = 1;
			remoteGlobalIDString = D6427E7F2BA81E7900C69586;
			remoteInfo = SwiftUIMVPatternDemo;
		};
		D6427E9B2BA81E7A00C69586 /* PBXContainerItemProxy */ = {
			isa = PBXContainerItemProxy;
			containerPortal = D6427E782BA81E7900C69586 /* Project object */;
			proxyType = 1;
			remoteGlobalIDString = D6427E7F2BA81E7900C69586;
			remoteInfo = SwiftUIMVPatternDemo;
		};
/* End PBXContainerItemProxy section */

/* Begin PBXFileReference section */
		D6427E802BA81E7900C69586 /* SwiftUIMVPatternDemo.app */ = {isa = PBXFileReference; explicitFileType = wrapper.application; includeInIndex = 0; path = SwiftUIMVPatternDemo.app; sourceTree = BUILT_PRODUCTS_DIR; };
		D6427E832BA81E7900C69586 /* SwiftUIMVPatternDemoApp.swift */ = {isa = PBXFileReference; lastKnownFileType = sourcecode.swift; path = SwiftUIMVPatternDemoApp.swift; sourceTree = "<group>"; };
		D6427E852BA81E7900C69586 /* ContentView.swift */ = {isa = PBXFileReference; lastKnownFileType = sourcecode.swift; path = ContentView.swift; sourceTree = "<group>"; };
		D6427E872BA81E7A00C69586 /* Assets.xcassets */ = {isa = PBXFileReference; lastKnownFileType = folder.assetcatalog; path = Assets.xcassets; sourceTree = "<group>"; };
		D6427E8A2BA81E7A00C69586 /* Preview Assets.xcassets */ = {isa = PBXFileReference; lastKnownFileType = folder.assetcatalog; path = "Preview Assets.xcassets"; sourceTree = "<group>"; };
		D6427E902BA81E7A00C69586 /* SwiftUIMVPatternDemoTests.xctest */ = {isa = PBXFileReference; explicitFileType = wrapper.cfbundle; includeInIndex = 0; path = SwiftUIMVPatternDemoTests.xctest; sourceTree = BUILT_PRODUCTS_DIR; };
		D6427E942BA81E7A00C69586 /* SwiftUIMVPatternDemoTests.swift */ = {isa = PBXFileReference; lastKnownFileType = sourcecode.swift; path = SwiftUIMVPatternDemoTests.swift; sourceTree = "<group>"; };
		D6427E9A2BA81E7A00C69586 /* SwiftUIMVPatternDemoUITests.xctest */ = {isa = PBXFileReference; explicitFileType = wrapper.cfbundle; includeInIndex = 0; path = SwiftUIMVPatternDemoUITests.xctest; sourceTree = BUILT_PRODUCTS_DIR; };
		D6427E9E2BA81E7A00C69586 /* SwiftUIMVPatternDemoUITests.swift */ = {isa = PBXFileReference; lastKnownFileType = sourcecode.swift; path = SwiftUIMVPatternDemoUITests.swift; sourceTree = "<group>"; };
		D6427EA02BA81E7A00C69586 /* SwiftUIMVPatternDemoUITestsLaunchTests.swift */ = {isa = PBXFileReference; lastKnownFileType = sourcecode.swift; path = SwiftUIMVPatternDemoUITestsLaunchTests.swift; sourceTree = "<group>"; };
		D6427EAE2BA823A900C69586 /* ProductServices.swift */ = {isa = PBXFileReference; lastKnownFileType = sourcecode.swift; path = ProductServices.swift; sourceTree = "<group>"; };
		D6427EBC2BA82BD800C69586 /* Info.plist */ = {isa = PBXFileReference; lastKnownFileType = text.plist; path = Info.plist; sourceTree = "<group>"; };
		D6427EC02BA82F5F00C69586 /* Product.swift */ = {isa = PBXFileReference; lastKnownFileType = sourcecode.swift; path = Product.swift; sourceTree = "<group>"; };
		D6427EC22BA82F8400C69586 /* ProductModel.swift */ = {isa = PBXFileReference; lastKnownFileType = sourcecode.swift; path = ProductModel.swift; sourceTree = "<group>"; };
		D6427EC42BA82FE900C69586 /* Cell.swift */ = {isa = PBXFileReference; lastKnownFileType = sourcecode.swift; path = Cell.swift; sourceTree = "<group>"; };
/* End PBXFileReference section */

/* Begin PBXFrameworksBuildPhase section */
		D6427E7D2BA81E7900C69586 /* Frameworks */ = {
			isa = PBXFrameworksBuildPhase;
			buildActionMask = 2147483647;
			files = (
				D6427EBF2BA82EB500C69586 /* SDWebImageSwiftUI in Frameworks */,
				D6427EB22BA8252600C69586 /* Alamofire in Frameworks */,
				D6427EB42BA8252600C69586 /* AlamofireDynamic in Frameworks */,
			);
			runOnlyForDeploymentPostprocessing = 0;
		};
		D6427E8D2BA81E7A00C69586 /* Frameworks */ = {
			isa = PBXFrameworksBuildPhase;
			buildActionMask = 2147483647;
			files = (
			);
			runOnlyForDeploymentPostprocessing = 0;
		};
		D6427E972BA81E7A00C69586 /* Frameworks */ = {
			isa = PBXFrameworksBuildPhase;
			buildActionMask = 2147483647;
			files = (
			);
			runOnlyForDeploymentPostprocessing = 0;
		};
/* End PBXFrameworksBuildPhase section */

/* Begin PBXGroup section */
		D6427E772BA81E7900C69586 = {
			isa = PBXGroup;
			children = (
				D6427E822BA81E7900C69586 /* SwiftUIMVPatternDemo */,
				D6427E932BA81E7A00C69586 /* SwiftUIMVPatternDemoTests */,
				D6427E9D2BA81E7A00C69586 /* SwiftUIMVPatternDemoUITests */,
				D6427E812BA81E7900C69586 /* Products */,
			);
			sourceTree = "<group>";
		};
		D6427E812BA81E7900C69586 /* Products */ = {
			isa = PBXGroup;
			children = (
				D6427E802BA81E7900C69586 /* SwiftUIMVPatternDemo.app */,
				D6427E902BA81E7A00C69586 /* SwiftUIMVPatternDemoTests.xctest */,
				D6427E9A2BA81E7A00C69586 /* SwiftUIMVPatternDemoUITests.xctest */,
			);
			name = Products;
			sourceTree = "<group>";
		};
		D6427E822BA81E7900C69586 /* SwiftUIMVPatternDemo */ = {
			isa = PBXGroup;
			children = (
				D6427EBC2BA82BD800C69586 /* Info.plist */,
				D6427EB92BA827C400C69586 /* View */,
				D6427EB52BA8253900C69586 /* Model */,
				D6427EAD2BA8239400C69586 /* Services */,
				D6427E832BA81E7900C69586 /* SwiftUIMVPatternDemoApp.swift */,
				D6427E872BA81E7A00C69586 /* Assets.xcassets */,
				D6427E892BA81E7A00C69586 /* Preview Content */,
			);
			path = SwiftUIMVPatternDemo;
			sourceTree = "<group>";
		};
		D6427E892BA81E7A00C69586 /* Preview Content */ = {
			isa = PBXGroup;
			children = (
				D6427E8A2BA81E7A00C69586 /* Preview Assets.xcassets */,
			);
			path = "Preview Content";
			sourceTree = "<group>";
		};
		D6427E932BA81E7A00C69586 /* SwiftUIMVPatternDemoTests */ = {
			isa = PBXGroup;
			children = (
				D6427E942BA81E7A00C69586 /* SwiftUIMVPatternDemoTests.swift */,
			);
			path = SwiftUIMVPatternDemoTests;
			sourceTree = "<group>";
		};
		D6427E9D2BA81E7A00C69586 /* SwiftUIMVPatternDemoUITests */ = {
			isa = PBXGroup;
			children = (
				D6427E9E2BA81E7A00C69586 /* SwiftUIMVPatternDemoUITests.swift */,
				D6427EA02BA81E7A00C69586 /* SwiftUIMVPatternDemoUITestsLaunchTests.swift */,
			);
			path = SwiftUIMVPatternDemoUITests;
			sourceTree = "<group>";
		};
		D6427EAD2BA8239400C69586 /* Services */ = {
			isa = PBXGroup;
			children = (
				D6427EAE2BA823A900C69586 /* ProductServices.swift */,
			);
			path = Services;
			sourceTree = "<group>";
		};
		D6427EB52BA8253900C69586 /* Model */ = {
			isa = PBXGroup;
			children = (
				D6427EC02BA82F5F00C69586 /* Product.swift */,
				D6427EC22BA82F8400C69586 /* ProductModel.swift */,
			);
			path = Model;
			sourceTree = "<group>";
		};
		D6427EB92BA827C400C69586 /* View */ = {
			isa = PBXGroup;
			children = (
				D6427E852BA81E7900C69586 /* ContentView.swift */,
				D6427EC42BA82FE900C69586 /* Cell.swift */,
			);
			path = View;
			sourceTree = "<group>";
		};
/* End PBXGroup section */

/* Begin PBXNativeTarget section */
		D6427E7F2BA81E7900C69586 /* SwiftUIMVPatternDemo */ = {
			isa = PBXNativeTarget;
			buildConfigurationList = D6427EA42BA81E7A00C69586 /* Build configuration list for PBXNativeTarget "SwiftUIMVPatternDemo" */;
			buildPhases = (
				D6427E7C2BA81E7900C69586 /* Sources */,
				D6427E7D2BA81E7900C69586 /* Frameworks */,
				D6427E7E2BA81E7900C69586 /* Resources */,
			);
			buildRules = (
			);
			dependencies = (
			);
			name = SwiftUIMVPatternDemo;
			packageProductDependencies = (
				D6427EB12BA8252600C69586 /* Alamofire */,
				D6427EB32BA8252600C69586 /* AlamofireDynamic */,
				D6427EBE2BA82EB500C69586 /* SDWebImageSwiftUI */,
			);
			productName = SwiftUIMVPatternDemo;
			productReference = D6427E802BA81E7900C69586 /* SwiftUIMVPatternDemo.app */;
			productType = "com.apple.product-type.application";
		};
		D6427E8F2BA81E7A00C69586 /* SwiftUIMVPatternDemoTests */ = {
			isa = PBXNativeTarget;
			buildConfigurationList = D6427EA72BA81E7A00C69586 /* Build configuration list for PBXNativeTarget "SwiftUIMVPatternDemoTests" */;
			buildPhases = (
				D6427E8C2BA81E7A00C69586 /* Sources */,
				D6427E8D2BA81E7A00C69586 /* Frameworks */,
				D6427E8E2BA81E7A00C69586 /* Resources */,
			);
			buildRules = (
			);
			dependencies = (
				D6427E922BA81E7A00C69586 /* PBXTargetDependency */,
			);
			name = SwiftUIMVPatternDemoTests;
			productName = SwiftUIMVPatternDemoTests;
			productReference = D6427E902BA81E7A00C69586 /* SwiftUIMVPatternDemoTests.xctest */;
			productType = "com.apple.product-type.bundle.unit-test";
		};
		D6427E992BA81E7A00C69586 /* SwiftUIMVPatternDemoUITests */ = {
			isa = PBXNativeTarget;
			buildConfigurationList = D6427EAA2BA81E7A00C69586 /* Build configuration list for PBXNativeTarget "SwiftUIMVPatternDemoUITests" */;
			buildPhases = (
				D6427E962BA81E7A00C69586 /* Sources */,
				D6427E972BA81E7A00C69586 /* Frameworks */,
				D6427E982BA81E7A00C69586 /* Resources */,
			);
			buildRules = (
			);
			dependencies = (
				D6427E9C2BA81E7A00C69586 /* PBXTargetDependency */,
			);
			name = SwiftUIMVPatternDemoUITests;
			productName = SwiftUIMVPatternDemoUITests;
			productReference = D6427E9A2BA81E7A00C69586 /* SwiftUIMVPatternDemoUITests.xctest */;
			productType = "com.apple.product-type.bundle.ui-testing";
		};
/* End PBXNativeTarget section */

/* Begin PBXProject section */
		D6427E782BA81E7900C69586 /* Project object */ = {
			isa = PBXProject;
			attributes = {
				BuildIndependentTargetsInParallel = 1;
				LastSwiftUpdateCheck = 1530;
				LastUpgradeCheck = 1530;
				TargetAttributes = {
					D6427E7F2BA81E7900C69586 = {
						CreatedOnToolsVersion = 15.3;
					};
					D6427E8F2BA81E7A00C69586 = {
						CreatedOnToolsVersion = 15.3;
						TestTargetID = D6427E7F2BA81E7900C69586;
					};
					D6427E992BA81E7A00C69586 = {
						CreatedOnToolsVersion = 15.3;
						TestTargetID = D6427E7F2BA81E7900C69586;
					};
				};
			};
			buildConfigurationList = D6427E7B2BA81E7900C69586 /* Build configuration list for PBXProject "SwiftUIMVPatternDemo" */;
			compatibilityVersion = "Xcode 14.0";
			developmentRegion = en;
			hasScannedForEncodings = 0;
			knownRegions = (
				en,
				Base,
			);
			mainGroup = D6427E772BA81E7900C69586;
			packageReferences = (
				D6427EB02BA8252600C69586 /* XCRemoteSwiftPackageReference "Alamofire" */,
				D6427EBD2BA82EB500C69586 /* XCRemoteSwiftPackageReference "SDWebImageSwiftUI" */,
			);
			productRefGroup = D6427E812BA81E7900C69586 /* Products */;
			projectDirPath = "";
			projectRoot = "";
			targets = (
				D6427E7F2BA81E7900C69586 /* SwiftUIMVPatternDemo */,
				D6427E8F2BA81E7A00C69586 /* SwiftUIMVPatternDemoTests */,
				D6427E992BA81E7A00C69586 /* SwiftUIMVPatternDemoUITests */,
			);
		};
/* End PBXProject section */

/* Begin PBXResourcesBuildPhase section */
		D6427E7E2BA81E7900C69586 /* Resources */ = {
			isa = PBXResourcesBuildPhase;
			buildActionMask = 2147483647;
			files = (
				D6427E8B2BA81E7A00C69586 /* Preview Assets.xcassets in Resources */,
				D6427E882BA81E7A00C69586 /* Assets.xcassets in Resources */,
			);
			runOnlyForDeploymentPostprocessing = 0;
		};
		D6427E8E2BA81E7A00C69586 /* Resources */ = {
			isa = PBXResourcesBuildPhase;
			buildActionMask = 2147483647;
			files = (
			);
			runOnlyForDeploymentPostprocessing = 0;
		};
		D6427E982BA81E7A00C69586 /* Resources */ = {
			isa = PBXResourcesBuildPhase;
			buildActionMask = 2147483647;
			files = (
			);
			runOnlyForDeploymentPostprocessing = 0;
		};
/* End PBXResourcesBuildPhase section */

/* Begin PBXSourcesBuildPhase section */
		D6427E7C2BA81E7900C69586 /* Sources */ = {
			isa = PBXSourcesBuildPhase;
			buildActionMask = 2147483647;
			files = (
				D6427E862BA81E7900C69586 /* ContentView.swift in Sources */,
				D6427EC32BA82F8400C69586 /* ProductModel.swift in Sources */,
				D6427E842BA81E7900C69586 /* SwiftUIMVPatternDemoApp.swift in Sources */,
				D6427EAF2BA823A900C69586 /* ProductServices.swift in Sources */,
				D6427EC12BA82F5F00C69586 /* Product.swift in Sources */,
				D6427EC52BA82FE900C69586 /* Cell.swift in Sources */,
			);
			runOnlyForDeploymentPostprocessing = 0;
		};
		D6427E8C2BA81E7A00C69586 /* Sources */ = {
			isa = PBXSourcesBuildPhase;
			buildActionMask = 2147483647;
			files = (
				D6427E952BA81E7A00C69586 /* SwiftUIMVPatternDemoTests.swift in Sources */,
			);
			runOnlyForDeploymentPostprocessing = 0;
		};
		D6427E962BA81E7A00C69586 /* Sources */ = {
			isa = PBXSourcesBuildPhase;
			buildActionMask = 2147483647;
			files = (
				D6427E9F2BA81E7A00C69586 /* SwiftUIMVPatternDemoUITests.swift in Sources */,
				D6427EA12BA81E7A00C69586 /* SwiftUIMVPatternDemoUITestsLaunchTests.swift in Sources */,
			);
			runOnlyForDeploymentPostprocessing = 0;
		};
/* End PBXSourcesBuildPhase section */

/* Begin PBXTargetDependency section */
		D6427E922BA81E7A00C69586 /* PBXTargetDependency */ = {
			isa = PBXTargetDependency;
			target = D6427E7F2BA81E7900C69586 /* SwiftUIMVPatternDemo */;
			targetProxy = D6427E912BA81E7A00C69586 /* PBXContainerItemProxy */;
		};
		D6427E9C2BA81E7A00C69586 /* PBXTargetDependency */ = {
			isa = PBXTargetDependency;
			target = D6427E7F2BA81E7900C69586 /* SwiftUIMVPatternDemo */;
			targetProxy = D6427E9B2BA81E7A00C69586 /* PBXContainerItemProxy */;
		};
/* End PBXTargetDependency section */

/* Begin XCBuildConfiguration section */
		D6427EA22BA81E7A00C69586 /* Debug */ = {
			isa = XCBuildConfiguration;
			buildSettings = {
				ALWAYS_SEARCH_USER_PATHS = NO;
				ASSETCATALOG_COMPILER_GENERATE_SWIFT_ASSET_SYMBOL_EXTENSIONS = YES;
				CLANG_ANALYZER_NONNULL = YES;
				CLANG_ANALYZER_NUMBER_OBJECT_CONVERSION = YES_AGGRESSIVE;
				CLANG_CXX_LANGUAGE_STANDARD = "gnu++20";
				CLANG_ENABLE_MODULES = YES;
				CLANG_ENABLE_OBJC_ARC = YES;
				CLANG_ENABLE_OBJC_WEAK = YES;
				CLANG_WARN_BLOCK_CAPTURE_AUTORELEASING = YES;
				CLANG_WARN_BOOL_CONVERSION = YES;
				CLANG_WARN_COMMA = YES;
				CLANG_WARN_CONSTANT_CONVERSION = YES;
				CLANG_WARN_DEPRECATED_OBJC_IMPLEMENTATIONS = YES;
				CLANG_WARN_DIRECT_OBJC_ISA_USAGE = YES_ERROR;
				CLANG_WARN_DOCUMENTATION_COMMENTS = YES;
				CLANG_WARN_EMPTY_BODY = YES;
				CLANG_WARN_ENUM_CONVERSION = YES;
				CLANG_WARN_INFINITE_RECURSION = YES;
				CLANG_WARN_INT_CONVERSION = YES;
				CLANG_WARN_NON_LITERAL_NULL_CONVERSION = YES;
				CLANG_WARN_OBJC_IMPLICIT_RETAIN_SELF = YES;
				CLANG_WARN_OBJC_LITERAL_CONVERSION = YES;
				CLANG_WARN_OBJC_ROOT_CLASS = YES_ERROR;
				CLANG_WARN_QUOTED_INCLUDE_IN_FRAMEWORK_HEADER = YES;
				CLANG_WARN_RANGE_LOOP_ANALYSIS = YES;
				CLANG_WARN_STRICT_PROTOTYPES = YES;
				CLANG_WARN_SUSPICIOUS_MOVE = YES;
				CLANG_WARN_UNGUARDED_AVAILABILITY = YES_AGGRESSIVE;
				CLANG_WARN_UNREACHABLE_CODE = YES;
				CLANG_WARN__DUPLICATE_METHOD_MATCH = YES;
				COPY_PHASE_STRIP = NO;
				DEBUG_INFORMATION_FORMAT = dwarf;
				ENABLE_STRICT_OBJC_MSGSEND = YES;
				ENABLE_TESTABILITY = YES;
				ENABLE_USER_SCRIPT_SANDBOXING = YES;
				GCC_C_LANGUAGE_STANDARD = gnu17;
				GCC_DYNAMIC_NO_PIC = NO;
				GCC_NO_COMMON_BLOCKS = YES;
				GCC_OPTIMIZATION_LEVEL = 0;
				GCC_PREPROCESSOR_DEFINITIONS = (
					"DEBUG=1",
					"$(inherited)",
				);
				GCC_WARN_64_TO_32_BIT_CONVERSION = YES;
				GCC_WARN_ABOUT_RETURN_TYPE = YES_ERROR;
				GCC_WARN_UNDECLARED_SELECTOR = YES;
				GCC_WARN_UNINITIALIZED_AUTOS = YES_AGGRESSIVE;
				GCC_WARN_UNUSED_FUNCTION = YES;
				GCC_WARN_UNUSED_VARIABLE = YES;
				IPHONEOS_DEPLOYMENT_TARGET = 17.4;
				LOCALIZATION_PREFERS_STRING_CATALOGS = YES;
				MTL_ENABLE_DEBUG_INFO = INCLUDE_SOURCE;
				MTL_FAST_MATH = YES;
				ONLY_ACTIVE_ARCH = YES;
				SDKROOT = iphoneos;
				SWIFT_ACTIVE_COMPILATION_CONDITIONS = "DEBUG $(inherited)";
				SWIFT_OPTIMIZATION_LEVEL = "-Onone";
			};
			name = Debug;
		};
		D6427EA32BA81E7A00C69586 /* Release */ = {
			isa = XCBuildConfiguration;
			buildSettings = {
				ALWAYS_SEARCH_USER_PATHS = NO;
				ASSETCATALOG_COMPILER_GENERATE_SWIFT_ASSET_SYMBOL_EXTENSIONS = YES;
				CLANG_ANALYZER_NONNULL = YES;
				CLANG_ANALYZER_NUMBER_OBJECT_CONVERSION = YES_AGGRESSIVE;
				CLANG_CXX_LANGUAGE_STANDARD = "gnu++20";
				CLANG_ENABLE_MODULES = YES;
				CLANG_ENABLE_OBJC_ARC = YES;
				CLANG_ENABLE_OBJC_WEAK = YES;
				CLANG_WARN_BLOCK_CAPTURE_AUTORELEASING = YES;
				CLANG_WARN_BOOL_CONVERSION = YES;
				CLANG_WARN_COMMA = YES;
				CLANG_WARN_CONSTANT_CONVERSION = YES;
				CLANG_WARN_DEPRECATED_OBJC_IMPLEMENTATIONS = YES;
				CLANG_WARN_DIRECT_OBJC_ISA_USAGE = YES_ERROR;
				CLANG_WARN_DOCUMENTATION_COMMENTS = YES;
				CLANG_WARN_EMPTY_BODY = YES;
				CLANG_WARN_ENUM_CONVERSION = YES;
				CLANG_WARN_INFINITE_RECURSION = YES;
				CLANG_WARN_INT_CONVERSION = YES;
				CLANG_WARN_NON_LITERAL_NULL_CONVERSION = YES;
				CLANG_WARN_OBJC_IMPLICIT_RETAIN_SELF = YES;
				CLANG_WARN_OBJC_LITERAL_CONVERSION = YES;
				CLANG_WARN_OBJC_ROOT_CLASS = YES_ERROR;
				CLANG_WARN_QUOTED_INCLUDE_IN_FRAMEWORK_HEADER = YES;
				CLANG_WARN_RANGE_LOOP_ANALYSIS = YES;
				CLANG_WARN_STRICT_PROTOTYPES = YES;
				CLANG_WARN_SUSPICIOUS_MOVE = YES;
				CLANG_WARN_UNGUARDED_AVAILABILITY = YES_AGGRESSIVE;
				CLANG_WARN_UNREACHABLE_CODE = YES;
				CLANG_WARN__DUPLICATE_METHOD_MATCH = YES;
				COPY_PHASE_STRIP = NO;
				DEBUG_INFORMATION_FORMAT = "dwarf-with-dsym";
				ENABLE_NS_ASSERTIONS = NO;
				ENABLE_STRICT_OBJC_MSGSEND = YES;
				ENABLE_USER_SCRIPT_SANDBOXING = YES;
				GCC_C_LANGUAGE_STANDARD = gnu17;
				GCC_NO_COMMON_BLOCKS = YES;
				GCC_WARN_64_TO_32_BIT_CONVERSION = YES;
				GCC_WARN_ABOUT_RETURN_TYPE = YES_ERROR;
				GCC_WARN_UNDECLARED_SELECTOR = YES;
				GCC_WARN_UNINITIALIZED_AUTOS = YES_AGGRESSIVE;
				GCC_WARN_UNUSED_FUNCTION = YES;
				GCC_WARN_UNUSED_VARIABLE = YES;
				IPHONEOS_DEPLOYMENT_TARGET = 17.4;
				LOCALIZATION_PREFERS_STRING_CATALOGS = YES;
				MTL_ENABLE_DEBUG_INFO = NO;
				MTL_FAST_MATH = YES;
				SDKROOT = iphoneos;
				SWIFT_COMPILATION_MODE = wholemodule;
				VALIDATE_PRODUCT = YES;
			};
			name = Release;
		};
		D6427EA52BA81E7A00C69586 /* Debug */ = {
			isa = XCBuildConfiguration;
			buildSettings = {
				ASSETCATALOG_COMPILER_APPICON_NAME = AppIcon;
				ASSETCATALOG_COMPILER_GLOBAL_ACCENT_COLOR_NAME = AccentColor;
				CODE_SIGN_STYLE = Automatic;
				CURRENT_PROJECT_VERSION = 1;
				DEVELOPMENT_ASSET_PATHS = "\"SwiftUIMVPatternDemo/Preview Content\"";
				DEVELOPMENT_TEAM = K6LJCT8RAA;
				ENABLE_PREVIEWS = YES;
				GENERATE_INFOPLIST_FILE = YES;
				INFOPLIST_FILE = SwiftUIMVPatternDemo/Info.plist;
				INFOPLIST_KEY_UIApplicationSceneManifest_Generation = YES;
				INFOPLIST_KEY_UIApplicationSupportsIndirectInputEvents = YES;
				INFOPLIST_KEY_UILaunchScreen_Generation = YES;
				INFOPLIST_KEY_UISupportedInterfaceOrientations_iPad = "UIInterfaceOrientationPortrait UIInterfaceOrientationPortraitUpsideDown UIInterfaceOrientationLandscapeLeft UIInterfaceOrientationLandscapeRight";
				INFOPLIST_KEY_UISupportedInterfaceOrientations_iPhone = "UIInterfaceOrientationPortrait UIInterfaceOrientationLandscapeLeft UIInterfaceOrientationLandscapeRight";
				LD_RUNPATH_SEARCH_PATHS = (
					"$(inherited)",
					"@executable_path/Frameworks",
				);
				MARKETING_VERSION = 1.0;
				PRODUCT_BUNDLE_IDENTIFIER = com.template.SwiftUIMVPatternDemo;
				PRODUCT_NAME = "$(TARGET_NAME)";
				SWIFT_EMIT_LOC_STRINGS = YES;
				SWIFT_VERSION = 5.0;
				TARGETED_DEVICE_FAMILY = "1,2";
			};
			name = Debug;
		};
		D6427EA62BA81E7A00C69586 /* Release */ = {
			isa = XCBuildConfiguration;
			buildSettings = {
				ASSETCATALOG_COMPILER_APPICON_NAME = AppIcon;
				ASSETCATALOG_COMPILER_GLOBAL_ACCENT_COLOR_NAME = AccentColor;
				CODE_SIGN_STYLE = Automatic;
				CURRENT_PROJECT_VERSION = 1;
				DEVELOPMENT_ASSET_PATHS = "\"SwiftUIMVPatternDemo/Preview Content\"";
				DEVELOPMENT_TEAM = K6LJCT8RAA;
				ENABLE_PREVIEWS = YES;
				GENERATE_INFOPLIST_FILE = YES;
				INFOPLIST_FILE = SwiftUIMVPatternDemo/Info.plist;
				INFOPLIST_KEY_UIApplicationSceneManifest_Generation = YES;
				INFOPLIST_KEY_UIApplicationSupportsIndirectInputEvents = YES;
				INFOPLIST_KEY_UILaunchScreen_Generation = YES;
				INFOPLIST_KEY_UISupportedInterfaceOrientations_iPad = "UIInterfaceOrientationPortrait UIInterfaceOrientationPortraitUpsideDown UIInterfaceOrientationLandscapeLeft UIInterfaceOrientationLandscapeRight";
				INFOPLIST_KEY_UISupportedInterfaceOrientations_iPhone = "UIInterfaceOrientationPortrait UIInterfaceOrientationLandscapeLeft UIInterfaceOrientationLandscapeRight";
				LD_RUNPATH_SEARCH_PATHS = (
					"$(inherited)",
					"@executable_path/Frameworks",
				);
				MARKETING_VERSION = 1.0;
				PRODUCT_BUNDLE_IDENTIFIER = com.template.SwiftUIMVPatternDemo;
				PRODUCT_NAME = "$(TARGET_NAME)";
				SWIFT_EMIT_LOC_STRINGS = YES;
				SWIFT_VERSION = 5.0;
				TARGETED_DEVICE_FAMILY = "1,2";
			};
			name = Release;
		};
		D6427EA82BA81E7A00C69586 /* Debug */ = {
			isa = XCBuildConfiguration;
			buildSettings = {
				ALWAYS_EMBED_SWIFT_STANDARD_LIBRARIES = YES;
				BUNDLE_LOADER = "$(TEST_HOST)";
				CODE_SIGN_STYLE = Automatic;
				CURRENT_PROJECT_VERSION = 1;
				DEVELOPMENT_TEAM = K6LJCT8RAA;
				GENERATE_INFOPLIST_FILE = YES;
				IPHONEOS_DEPLOYMENT_TARGET = 17.4;
				MARKETING_VERSION = 1.0;
				PRODUCT_BUNDLE_IDENTIFIER = com.template.SwiftUIMVPatternDemoTests;
				PRODUCT_NAME = "$(TARGET_NAME)";
				SWIFT_EMIT_LOC_STRINGS = NO;
				SWIFT_VERSION = 5.0;
				TARGETED_DEVICE_FAMILY = "1,2";
				TEST_HOST = "$(BUILT_PRODUCTS_DIR)/SwiftUIMVPatternDemo.app/$(BUNDLE_EXECUTABLE_FOLDER_PATH)/SwiftUIMVPatternDemo";
			};
			name = Debug;
		};
		D6427EA92BA81E7A00C69586 /* Release */ = {
			isa = XCBuildConfiguration;
			buildSettings = {
				ALWAYS_EMBED_SWIFT_STANDARD_LIBRARIES = YES;
				BUNDLE_LOADER = "$(TEST_HOST)";
				CODE_SIGN_STYLE = Automatic;
				CURRENT_PROJECT_VERSION = 1;
				DEVELOPMENT_TEAM = K6LJCT8RAA;
				GENERATE_INFOPLIST_FILE = YES;
				IPHONEOS_DEPLOYMENT_TARGET = 17.4;
				MARKETING_VERSION = 1.0;
				PRODUCT_BUNDLE_IDENTIFIER = com.template.SwiftUIMVPatternDemoTests;
				PRODUCT_NAME = "$(TARGET_NAME)";
				SWIFT_EMIT_LOC_STRINGS = NO;
				SWIFT_VERSION = 5.0;
				TARGETED_DEVICE_FAMILY = "1,2";
				TEST_HOST = "$(BUILT_PRODUCTS_DIR)/SwiftUIMVPatternDemo.app/$(BUNDLE_EXECUTABLE_FOLDER_PATH)/SwiftUIMVPatternDemo";
			};
			name = Release;
		};
		D6427EAB2BA81E7A00C69586 /* Debug */ = {
			isa = XCBuildConfiguration;
			buildSettings = {
				ALWAYS_EMBED_SWIFT_STANDARD_LIBRARIES = YES;
				CODE_SIGN_STYLE = Automatic;
				CURRENT_PROJECT_VERSION = 1;
				DEVELOPMENT_TEAM = K6LJCT8RAA;
				GENERATE_INFOPLIST_FILE = YES;
				MARKETING_VERSION = 1.0;
				PRODUCT_BUNDLE_IDENTIFIER = com.template.SwiftUIMVPatternDemoUITests;
				PRODUCT_NAME = "$(TARGET_NAME)";
				SWIFT_EMIT_LOC_STRINGS = NO;
				SWIFT_VERSION = 5.0;
				TARGETED_DEVICE_FAMILY = "1,2";
				TEST_TARGET_NAME = SwiftUIMVPatternDemo;
			};
			name = Debug;
		};
		D6427EAC2BA81E7A00C69586 /* Release */ = {
			isa = XCBuildConfiguration;
			buildSettings = {
				ALWAYS_EMBED_SWIFT_STANDARD_LIBRARIES = YES;
				CODE_SIGN_STYLE = Automatic;
				CURRENT_PROJECT_VERSION = 1;
				DEVELOPMENT_TEAM = K6LJCT8RAA;
				GENERATE_INFOPLIST_FILE = YES;
				MARKETING_VERSION = 1.0;
				PRODUCT_BUNDLE_IDENTIFIER = com.template.SwiftUIMVPatternDemoUITests;
				PRODUCT_NAME = "$(TARGET_NAME)";
				SWIFT_EMIT_LOC_STRINGS = NO;
				SWIFT_VERSION = 5.0;
				TARGETED_DEVICE_FAMILY = "1,2";
				TEST_TARGET_NAME = SwiftUIMVPatternDemo;
			};
			name = Release;
		};
/* End XCBuildConfiguration section */

/* Begin XCConfigurationList section */
		D6427E7B2BA81E7900C69586 /* Build configuration list for PBXProject "SwiftUIMVPatternDemo" */ = {
			isa = XCConfigurationList;
			buildConfigurations = (
				D6427EA22BA81E7A00C69586 /* Debug */,
				D6427EA32BA81E7A00C69586 /* Release */,
			);
			defaultConfigurationIsVisible = 0;
			defaultConfigurationName = Release;
		};
		D6427EA42BA81E7A00C69586 /* Build configuration list for PBXNativeTarget "SwiftUIMVPatternDemo" */ = {
			isa = XCConfigurationList;
			buildConfigurations = (
				D6427EA52BA81E7A00C69586 /* Debug */,
				D6427EA62BA81E7A00C69586 /* Release */,
			);
			defaultConfigurationIsVisible = 0;
			defaultConfigurationName = Release;
		};
		D6427EA72BA81E7A00C69586 /* Build configuration list for PBXNativeTarget "SwiftUIMVPatternDemoTests" */ = {
			isa = XCConfigurationList;
			buildConfigurations = (
				D6427EA82BA81E7A00C69586 /* Debug */,
				D6427EA92BA81E7A00C69586 /* Release */,
			);
			defaultConfigurationIsVisible = 0;
			defaultConfigurationName = Release;
		};
		D6427EAA2BA81E7A00C69586 /* Build configuration list for PBXNativeTarget "SwiftUIMVPatternDemoUITests" */ = {
			isa = XCConfigurationList;
			buildConfigurations = (
				D6427EAB2BA81E7A00C69586 /* Debug */,
				D6427EAC2BA81E7A00C69586 /* Release */,
			);
			defaultConfigurationIsVisible = 0;
			defaultConfigurationName = Release;
		};
/* End XCConfigurationList section */

/* Begin XCRemoteSwiftPackageReference section */
		D6427EB02BA8252600C69586 /* XCRemoteSwiftPackageReference "Alamofire" */ = {
			isa = XCRemoteSwiftPackageReference;
			repositoryURL = "https://github.com/Alamofire/Alamofire.git";
			requirement = {
				kind = upToNextMajorVersion;
				minimumVersion = 5.9.0;
			};
		};
		D6427EBD2BA82EB500C69586 /* XCRemoteSwiftPackageReference "SDWebImageSwiftUI" */ = {
			isa = XCRemoteSwiftPackageReference;
			repositoryURL = "https://github.com/SDWebImage/SDWebImageSwiftUI.git";
			requirement = {
				kind = upToNextMajorVersion;
				minimumVersion = 3.0.0;
			};
		};
/* End XCRemoteSwiftPackageReference section */

/* Begin XCSwiftPackageProductDependency section */
		D6427EB12BA8252600C69586 /* Alamofire */ = {
			isa = XCSwiftPackageProductDependency;
			package = D6427EB02BA8252600C69586 /* XCRemoteSwiftPackageReference "Alamofire" */;
			productName = Alamofire;
		};
		D6427EB32BA8252600C69586 /* AlamofireDynamic */ = {
			isa = XCSwiftPackageProductDependency;
			package = D6427EB02BA8252600C69586 /* XCRemoteSwiftPackageReference "Alamofire" */;
			productName = AlamofireDynamic;
		};
		D6427EBE2BA82EB500C69586 /* SDWebImageSwiftUI */ = {
			isa = XCSwiftPackageProductDependency;
			package = D6427EBD2BA82EB500C69586 /* XCRemoteSwiftPackageReference "SDWebImageSwiftUI" */;
			productName = SDWebImageSwiftUI;
		};
/* End XCSwiftPackageProductDependency section */
	};
	rootObject = D6427E782BA81E7900C69586 /* Project object */;
}
